
Microsoft Visual Studio Solution File, Format Version 12.00
# Visual Studio Version 17
VisualStudioVersion = 17.9.34723.18
MinimumVisualStudioVersion = 10.0.40219.1
Project("{FAE04EC0-301F-11D3-BF4B-00C04F79EFBC}") = "Plotnic_2", "Plotnic_2\Plotnic_2.csproj", "{F1CE2FB5-B3CF-426C-9AF1-F79C909F886C}"
EndProject
Project("{FAE04EC0-301F-11D3-BF4B-00C04F79EFBC}") = "Plotnic_2Dll", "Plotnic_2Dll\Plotnic_2Dll.csproj", "{80FBF53A-5F09-48EB-83CA-E3C185888E1B}"
EndProject
Project("{FAE04EC0-301F-11D3-BF4B-00C04F79EFBC}") = "Plotnic_2Light.Android", "Plotnic_2Light\Plotnic_2Light.Android\Plotnic_2Light.Android.csproj", "{0FF8B931-F4F6-4786-A2B8-7554272B763C}"
EndProject
Project("{FAE04EC0-301F-11D3-BF4B-00C04F79EFBC}") = "Plotnic_2Light", "Plotnic_2Light\Plotnic_2Light\Plotnic_2Light.csproj", "{1445B415-64E1-4E9A-8277-EA8CEAF7C56F}"
EndProject
Global
	GlobalSection(SolutionConfigurationPlatforms) = preSolution
		Debug|Any CPU = Debug|Any CPU
		Release|Any CPU = Release|Any CPU
	EndGlobalSection
	GlobalSection(ProjectConfigurationPlatforms) = postSolution
		{F1CE2FB5-B3CF-426C-9AF1-F79C909F886C}.Debug|Any CPU.ActiveCfg = Debug|Any CPU
		{F1CE2FB5-B3CF-426C-9AF1-F79C909F886C}.Debug|Any CPU.Build.0 = Debug|Any CPU
		{F1CE2FB5-B3CF-426C-9AF1-F79C909F886C}.Release|Any CPU.ActiveCfg = Release|Any CPU
		{F1CE2FB5-B3CF-426C-9AF1-F79C909F886C}.Release|Any CPU.Build.0 = Release|Any CPU
		{80FBF53A-5F09-48EB-83CA-E3C185888E1B}.Debug|Any CPU.ActiveCfg = Debug|Any CPU
		{80FBF53A-5F09-48EB-83CA-E3C185888E1B}.Debug|Any CPU.Build.0 = Debug|Any CPU
		{80FBF53A-5F09-48EB-83CA-E3C185888E1B}.Release|Any CPU.ActiveCfg = Release|Any CPU
		{80FBF53A-5F09-48EB-83CA-E3C185888E1B}.Release|Any CPU.Build.0 = Release|Any CPU
		{0FF8B931-F4F6-4786-A2B8-7554272B763C}.Debug|Any CPU.ActiveCfg = Debug|Any CPU
		{0FF8B931-F4F6-4786-A2B8-7554272B763C}.Debug|Any CPU.Build.0 = Debug|Any CPU
		{0FF8B931-F4F6-4786-A2B8-7554272B763C}.Debug|Any CPU.Deploy.0 = Debug|Any CPU
		{0FF8B931-F4F6-4786-A2B8-7554272B763C}.Release|Any CPU.ActiveCfg = Release|Any CPU
		{0FF8B931-F4F6-4786-A2B8-7554272B763C}.Release|Any CPU.Build.0 = Release|Any CPU
		{0FF8B931-F4F6-4786-A2B8-7554272B763C}.Release|Any CPU.Deploy.0 = Release|Any CPU
		{1445B415-64E1-4E9A-8277-EA8CEAF7C56F}.Debug|Any CPU.ActiveCfg = Debug|Any CPU
		{1445B415-64E1-4E9A-8277-EA8CEAF7C56F}.Debug|Any CPU.Build.0 = Debug|Any CPU
		{1445B415-64E1-4E9A-8277-EA8CEAF7C56F}.Release|Any CPU.ActiveCfg = Release|Any CPU
		{1445B415-64E1-4E9A-8277-EA8CEAF7C56F}.Release|Any CPU.Build.0 = Release|Any CPU
	EndGlobalSection
	GlobalSection(SolutionProperties) = preSolution
		HideSolutionNode = FALSE
	EndGlobalSection
	GlobalSection(ExtensibilityGlobals) = postSolution
		SolutionGuid = {D3EADBFD-4031-4CEC-9AFD-E3AE34872878}
	EndGlobalSection
EndGlobal
